{
  "name": "galcode",
  "version": "0.1.0",
  "lockfileVersion": 3,
  "requires": true,
  "packages": {
    "": {
      "name": "galcode",
      "version": "0.1.0",
      "license": "MIT",
      "bin": {
        "galcode": "bin/galcode.js",
        "galcode-mcp": "bin/galcode-mcp.js"
      },
      "engines": {
        "node": "^22.19 || >=24"
      }
    }
  }
}
